PODS:
  - Ensembles (1.7):
    - Ensembles/Core (= 1.7)
  - Ensembles/Core (1.7)
  - SCLAlertView (0.7.0)

DEPENDENCIES:
  - Ensembles (~> 1.0)
  - SCLAlertView (from `https://github.com/vikmeup/SCLAlertView-Swift`, branch `master`)

EXTERNAL SOURCES:
  SCLAlertView:
    :branch: master
    :git: https://github.com/vikmeup/SCLAlertView-Swift

CHECKOUT OPTIONS:
  SCLAlertView:
    :commit: 85329ce66c297bea79ddef92908ff2040174ccf9
    :git: https://github.com/vikmeup/SCLAlertView-Swift

SPEC CHECKSUMS:
  Ensembles: b82f0747092d11aff476471244e2cfc660861c76
  SCLAlertView: 8a14ffc40590c619e183eed2298b854385f30be1

PODFILE CHECKSUM: b92dad4b1d919de6fba730ae5e6dcaf9508febcd

COCOAPODS: 1.2.0
