PODS:
  - SCLAlertView (0.7.0)

DEPENDENCIES:
  - SCLAlertView (from `https://github.com/vikmeup/SCLAlertView-Swift`, branch `master`)

EXTERNAL SOURCES:
  SCLAlertView:
    :branch: master
    :git: https://github.com/vikmeup/SCLAlertView-Swift

CHECKOUT OPTIONS:
  SCLAlertView:
    :commit: 85329ce66c297bea79ddef92908ff2040174ccf9
    :git: https://github.com/vikmeup/SCLAlertView-Swift

SPEC CHECKSUMS:
  SCLAlertView: 8a14ffc40590c619e183eed2298b854385f30be1

PODFILE CHECKSUM: 7c4cd86f9e1d1d041c82530c7b185631ed955cf8

COCOAPODS: 1.5.0
